// !$*UTF8*$!
{
	archiveVersion = 1;
	classes = {
	};
	objectVersion = 45;
	objects = {

/* Begin PBXBuildFile section */
		056295470EB5565C00040599 /* greenslide.png in Resources */ = {isa = PBXBuildFile; fileRef = 056295440EB5565C00040599 /* greenslide.png */; };
		056295480EB5565C00040599 /* redslide.png in Resources */ = {isa = PBXBuildFile; fileRef = 056295450EB5565C00040599 /* redslide.png */; };
		056295490EB5565C00040599 /* slider_ball.png in Resources */ = {isa = PBXBuildFile; fileRef = 056295460EB5565C00040599 /* slider_ball.png */; };
		056295C10EB56C8100040599 /* AudioPlayer.m in Sources */ = {isa = PBXBuildFile; fileRef = 056295BA0EB56C8100040599 /* AudioPlayer.m */; };
		056295C20EB56C8100040599 /* AudioQueueObject.m in Sources */ = {isa = PBXBuildFile; fileRef = 056295BC0EB56C8100040599 /* AudioQueueObject.m */; };
		056295C30EB56C8100040599 /* AudioRecorder.m in Sources */ = {isa = PBXBuildFile; fileRef = 056295BE0EB56C8100040599 /* AudioRecorder.m */; };
		056296180EB60D1F00040599 /* CellButton.m in Sources */ = {isa = PBXBuildFile; fileRef = 056296040EB60D1F00040599 /* CellButton.m */; };
		056296190EB60D1F00040599 /* CellPicker.m in Sources */ = {isa = PBXBuildFile; fileRef = 056296060EB60D1F00040599 /* CellPicker.m */; };
		0562961A0EB60D1F00040599 /* CellSlider.m in Sources */ = {isa = PBXBuildFile; fileRef = 056296080EB60D1F00040599 /* CellSlider.m */; };
		0562961B0EB60D1F00040599 /* CellTextField.m in Sources */ = {isa = PBXBuildFile; fileRef = 0562960A0EB60D1F00040599 /* CellTextField.m */; };
		0562961C0EB60D1F00040599 /* CellTextView.m in Sources */ = {isa = PBXBuildFile; fileRef = 0562960C0EB60D1F00040599 /* CellTextView.m */; };
		0562961D0EB60D1F00040599 /* DisplayCell.m in Sources */ = {isa = PBXBuildFile; fileRef = 0562960F0EB60D1F00040599 /* DisplayCell.m */; };
		0562961E0EB60D1F00040599 /* DisplayCell2.m in Sources */ = {isa = PBXBuildFile; fileRef = 056296110EB60D1F00040599 /* DisplayCell2.m */; };
		0562961F0EB60D1F00040599 /* EditableTableViewCell.m in Sources */ = {isa = PBXBuildFile; fileRef = 056296130EB60D1F00040599 /* EditableTableViewCell.m */; };
		056296200EB60D1F00040599 /* SourceCell.m in Sources */ = {isa = PBXBuildFile; fileRef = 056296150EB60D1F00040599 /* SourceCell.m */; };
		056296210EB60D1F00040599 /* Vote_ReportDetailViewController.m in Sources */ = {isa = PBXBuildFile; fileRef = 056296170EB60D1F00040599 /* Vote_ReportDetailViewController.m */; };
		056296390EB6107700040599 /* AudioToolbox.framework in Frameworks */ = {isa = PBXBuildFile; fileRef = 056296380EB6107700040599 /* AudioToolbox.framework */; };
		0562963D0EB6108200040599 /* QuartzCore.framework in Frameworks */ = {isa = PBXBuildFile; fileRef = 0562963C0EB6108200040599 /* QuartzCore.framework */; };
		056296BD0EB61F9500040599 /* CellAudio.m in Sources */ = {isa = PBXBuildFile; fileRef = 056296BC0EB61F9500040599 /* CellAudio.m */; };
		0562979E0EB632E300040599 /* soundbar_mono.png in Resources */ = {isa = PBXBuildFile; fileRef = 0562979D0EB632E300040599 /* soundbar_mono.png */; };
		056298190EB6407800040599 /* soundbar_plate_mono.png in Resources */ = {isa = PBXBuildFile; fileRef = 056298180EB6407800040599 /* soundbar_plate_mono.png */; };
		05629A520EB6AE6500040599 /* icon.png in Resources */ = {isa = PBXBuildFile; fileRef = 05629A510EB6AE6500040599 /* icon.png */; };
		05629A690EB6AF2700040599 /* Default.png in Resources */ = {isa = PBXBuildFile; fileRef = 05629A680EB6AF2700040599 /* Default.png */; };
		0572E89D0EB4DBA400F73990 /* background.png in Resources */ = {isa = PBXBuildFile; fileRef = 0572E89C0EB4DBA400F73990 /* background.png */; };
		0572E89F0EB4DBAA00F73990 /* logo_splash.png in Resources */ = {isa = PBXBuildFile; fileRef = 0572E89E0EB4DBAA00F73990 /* logo_splash.png */; };
		0572E9170EB4EFFE00F73990 /* whiteButton.png in Resources */ = {isa = PBXBuildFile; fileRef = 0572E9150EB4EFFE00F73990 /* whiteButton.png */; };
		0572E9180EB4EFFE00F73990 /* blueButton.png in Resources */ = {isa = PBXBuildFile; fileRef = 0572E9160EB4EFFE00F73990 /* blueButton.png */; };
		0572E9320EB4FEEC00F73990 /* splash.png in Resources */ = {isa = PBXBuildFile; fileRef = 0572E9310EB4FEEC00F73990 /* splash.png */; };
		058FD7DC0EB21C16000E2324 /* HTTPManager.m in Sources */ = {isa = PBXBuildFile; fileRef = 058FD7DB0EB21C16000E2324 /* HTTPManager.m */; };
		058FD7F00EB2643B000E2324 /* Reporter.m in Sources */ = {isa = PBXBuildFile; fileRef = 058FD7EF0EB2643B000E2324 /* Reporter.m */; };
		058FD8300EB28C47000E2324 /* CoreLocation.framework in Frameworks */ = {isa = PBXBuildFile; fileRef = 058FD82F0EB28C47000E2324 /* CoreLocation.framework */; };
		1D3623260D0F684500981E51 /* Vote_ReportAppDelegate.m in Sources */ = {isa = PBXBuildFile; fileRef = 1D3623250D0F684500981E51 /* Vote_ReportAppDelegate.m */; };
		1D60589B0D05DD56006BFB54 /* main.m in Sources */ = {isa = PBXBuildFile; fileRef = 29B97316FDCFA39411CA2CEA /* main.m */; };
		1D60589F0D05DD5A006BFB54 /* Foundation.framework in Frameworks */ = {isa = PBXBuildFile; fileRef = 1D30AB110D05D00D00671497 /* Foundation.framework */; };
		1DF5F4E00D08C38300B7A737 /* UIKit.framework in Frameworks */ = {isa = PBXBuildFile; fileRef = 1DF5F4DF0D08C38300B7A737 /* UIKit.framework */; };
		288765A50DF7441C002DB57D /* CoreGraphics.framework in Frameworks */ = {isa = PBXBuildFile; fileRef = 288765A40DF7441C002DB57D /* CoreGraphics.framework */; };
		2899E5220DE3E06400AC0155 /* Vote_ReportViewController.xib in Resources */ = {isa = PBXBuildFile; fileRef = 2899E5210DE3E06400AC0155 /* Vote_ReportViewController.xib */; };
		28AD733F0D9D9553002E5188 /* MainWindow.xib in Resources */ = {isa = PBXBuildFile; fileRef = 28AD733E0D9D9553002E5188 /* MainWindow.xib */; };
		28D7ACF80DDB3853001CB0EB /* Vote_ReportViewController.m in Sources */ = {isa = PBXBuildFile; fileRef = 28D7ACF70DDB3853001CB0EB /* Vote_ReportViewController.m */; };
/* End PBXBuildFile section */

/* Begin PBXFileReference section */
		056295440EB5565C00040599 /* greenslide.png */ = {isa = PBXFileReference; lastKnownFileType = image.png; path = greenslide.png; sourceTree = "<group>"; };
		056295450EB5565C00040599 /* redslide.png */ = {isa = PBXFileReference; lastKnownFileType = image.png; path = redslide.png; sourceTree = "<group>"; };
		056295460EB5565C00040599 /* slider_ball.png */ = {isa = PBXFileReference; lastKnownFileType = image.png; path = slider_ball.png; sourceTree = "<group>"; };
		056295B90EB56C8100040599 /* AudioPlayer.h */ = {isa = PBXFileReference; fileEncoding = 4; lastKnownFileType = sourcecode.c.h; path = AudioPlayer.h; sourceTree = "<group>"; };
		056295BA0EB56C8100040599 /* AudioPlayer.m */ = {isa = PBXFileReference; fileEncoding = 4; lastKnownFileType = sourcecode.c.objc; path = AudioPlayer.m; sourceTree = "<group>"; };
		056295BB0EB56C8100040599 /* AudioQueueObject.h */ = {isa = PBXFileReference; fileEncoding = 4; lastKnownFileType = sourcecode.c.h; path = AudioQueueObject.h; sourceTree = "<group>"; };
		056295BC0EB56C8100040599 /* AudioQueueObject.m */ = {isa = PBXFileReference; fileEncoding = 4; lastKnownFileType = sourcecode.c.objc; path = AudioQueueObject.m; sourceTree = "<group>"; };
		056295BD0EB56C8100040599 /* AudioRecorder.h */ = {isa = PBXFileReference; fileEncoding = 4; lastKnownFileType = sourcecode.c.h; path = AudioRecorder.h; sourceTree = "<group>"; };
		056295BE0EB56C8100040599 /* AudioRecorder.m */ = {isa = PBXFileReference; fileEncoding = 4; lastKnownFileType = sourcecode.c.objc; path = AudioRecorder.m; sourceTree = "<group>"; };
		056296030EB60D1F00040599 /* CellButton.h */ = {isa = PBXFileReference; fileEncoding = 4; lastKnownFileType = sourcecode.c.h; path = CellButton.h; sourceTree = "<group>"; };
		056296040EB60D1F00040599 /* CellButton.m */ = {isa = PBXFileReference; fileEncoding = 4; lastKnownFileType = sourcecode.c.objc; path = CellButton.m; sourceTree = "<group>"; };
		056296050EB60D1F00040599 /* CellPicker.h */ = {isa = PBXFileReference; fileEncoding = 4; lastKnownFileType = sourcecode.c.h; path = CellPicker.h; sourceTree = "<group>"; };
		056296060EB60D1F00040599 /* CellPicker.m */ = {isa = PBXFileReference; fileEncoding = 4; lastKnownFileType = sourcecode.c.objc; path = CellPicker.m; sourceTree = "<group>"; };
		056296070EB60D1F00040599 /* CellSlider.h */ = {isa = PBXFileReference; fileEncoding = 4; lastKnownFileType = sourcecode.c.h; path = CellSlider.h; sourceTree = "<group>"; };
		056296080EB60D1F00040599 /* CellSlider.m */ = {isa = PBXFileReference; fileEncoding = 4; lastKnownFileType = sourcecode.c.objc; path = CellSlider.m; sourceTree = "<group>"; };
		056296090EB60D1F00040599 /* CellTextField.h */ = {isa = PBXFileReference; fileEncoding = 4; lastKnownFileType = sourcecode.c.h; path = CellTextField.h; sourceTree = "<group>"; };
		0562960A0EB60D1F00040599 /* CellTextField.m */ = {isa = PBXFileReference; fileEncoding = 4; lastKnownFileType = sourcecode.c.objc; path = CellTextField.m; sourceTree = "<group>"; };
		0562960B0EB60D1F00040599 /* CellTextView.h */ = {isa = PBXFileReference; fileEncoding = 4; lastKnownFileType = sourcecode.c.h; path = CellTextView.h; sourceTree = "<group>"; };
		0562960C0EB60D1F00040599 /* CellTextView.m */ = {isa = PBXFileReference; fileEncoding = 4; lastKnownFileType = sourcecode.c.objc; path = CellTextView.m; sourceTree = "<group>"; };
		0562960D0EB60D1F00040599 /* Constants.h */ = {isa = PBXFileReference; fileEncoding = 4; lastKnownFileType = sourcecode.c.h; path = Constants.h; sourceTree = "<group>"; };
		0562960E0EB60D1F00040599 /* DisplayCell.h */ = {isa = PBXFileReference; fileEncoding = 4; lastKnownFileType = sourcecode.c.h; path = DisplayCell.h; sourceTree = "<group>"; };
		0562960F0EB60D1F00040599 /* DisplayCell.m */ = {isa = PBXFileReference; fileEncoding = 4; lastKnownFileType = sourcecode.c.objc; path = DisplayCell.m; sourceTree = "<group>"; };
		056296100EB60D1F00040599 /* DisplayCell2.h */ = {isa = PBXFileReference; fileEncoding = 4; lastKnownFileType = sourcecode.c.h; path = DisplayCell2.h; sourceTree = "<group>"; };
		056296110EB60D1F00040599 /* DisplayCell2.m */ = {isa = PBXFileReference; fileEncoding = 4; lastKnownFileType = sourcecode.c.objc; path = DisplayCell2.m; sourceTree = "<group>"; };
		056296120EB60D1F00040599 /* EditableTableViewCell.h */ = {isa = PBXFileReference; fileEncoding = 4; lastKnownFileType = sourcecode.c.h; path = EditableTableViewCell.h; sourceTree = "<group>"; };
		056296130EB60D1F00040599 /* EditableTableViewCell.m */ = {isa = PBXFileReference; fileEncoding = 4; lastKnownFileType = sourcecode.c.objc; path = EditableTableViewCell.m; sourceTree = "<group>"; };
		056296140EB60D1F00040599 /* SourceCell.h */ = {isa = PBXFileReference; fileEncoding = 4; lastKnownFileType = sourcecode.c.h; path = SourceCell.h; sourceTree = "<group>"; };
		056296150EB60D1F00040599 /* SourceCell.m */ = {isa = PBXFileReference; fileEncoding = 4; lastKnownFileType = sourcecode.c.objc; path = SourceCell.m; sourceTree = "<group>"; };
		056296160EB60D1F00040599 /* Vote_ReportDetailViewController.h */ = {isa = PBXFileReference; fileEncoding = 4; lastKnownFileType = sourcecode.c.h; path = Vote_ReportDetailViewController.h; sourceTree = "<group>"; };
		056296170EB60D1F00040599 /* Vote_ReportDetailViewController.m */ = {isa = PBXFileReference; fileEncoding = 4; lastKnownFileType = sourcecode.c.objc; path = Vote_ReportDetailViewController.m; sourceTree = "<group>"; };
		056296380EB6107700040599 /* AudioToolbox.framework */ = {isa = PBXFileReference; lastKnownFileType = wrapper.framework; name = AudioToolbox.framework; path = System/Library/Frameworks/AudioToolbox.framework; sourceTree = SDKROOT; };
		0562963C0EB6108200040599 /* QuartzCore.framework */ = {isa = PBXFileReference; lastKnownFileType = wrapper.framework; name = QuartzCore.framework; path = System/Library/Frameworks/QuartzCore.framework; sourceTree = SDKROOT; };
		056296BB0EB61F9500040599 /* CellAudio.h */ = {isa = PBXFileReference; fileEncoding = 4; lastKnownFileType = sourcecode.c.h; path = CellAudio.h; sourceTree = "<group>"; };
		056296BC0EB61F9500040599 /* CellAudio.m */ = {isa = PBXFileReference; fileEncoding = 4; lastKnownFileType = sourcecode.c.objc; path = CellAudio.m; sourceTree = "<group>"; };
		0562979D0EB632E300040599 /* soundbar_mono.png */ = {isa = PBXFileReference; lastKnownFileType = image.png; path = soundbar_mono.png; sourceTree = "<group>"; };
		056298180EB6407800040599 /* soundbar_plate_mono.png */ = {isa = PBXFileReference; lastKnownFileType = image.png; path = soundbar_plate_mono.png; sourceTree = "<group>"; };
		05629A510EB6AE6500040599 /* icon.png */ = {isa = PBXFileReference; lastKnownFileType = image.png; path = icon.png; sourceTree = "<group>"; };
		05629A680EB6AF2700040599 /* Default.png */ = {isa = PBXFileReference; lastKnownFileType = image.png; path = Default.png; sourceTree = "<group>"; };
		0572E89C0EB4DBA400F73990 /* background.png */ = {isa = PBXFileReference; lastKnownFileType = image.png; path = background.png; sourceTree = "<group>"; };
		0572E89E0EB4DBAA00F73990 /* logo_splash.png */ = {isa = PBXFileReference; lastKnownFileType = image.png; path = logo_splash.png; sourceTree = "<group>"; };
		0572E9150EB4EFFE00F73990 /* whiteButton.png */ = {isa = PBXFileReference; lastKnownFileType = image.png; path = whiteButton.png; sourceTree = "<group>"; };
		0572E9160EB4EFFE00F73990 /* blueButton.png */ = {isa = PBXFileReference; lastKnownFileType = image.png; path = blueButton.png; sourceTree = "<group>"; };
		0572E9310EB4FEEC00F73990 /* splash.png */ = {isa = PBXFileReference; lastKnownFileType = image.png; path = splash.png; sourceTree = "<group>"; };
		058FD7C70EB11971000E2324 /* README */ = {isa = PBXFileReference; fileEncoding = 4; lastKnownFileType = text; path = README; sourceTree = "<group>"; };
		058FD7DA0EB21C16000E2324 /* HTTPManager.h */ = {isa = PBXFileReference; fileEncoding = 4; lastKnownFileType = sourcecode.c.h; path = HTTPManager.h; sourceTree = "<group>"; };
		058FD7DB0EB21C16000E2324 /* HTTPManager.m */ = {isa = PBXFileReference; fileEncoding = 4; lastKnownFileType = sourcecode.c.objc; path = HTTPManager.m; sourceTree = "<group>"; };
		058FD7EE0EB2643B000E2324 /* Reporter.h */ = {isa = PBXFileReference; fileEncoding = 4; lastKnownFileType = sourcecode.c.h; path = Reporter.h; sourceTree = "<group>"; };
		058FD7EF0EB2643B000E2324 /* Reporter.m */ = {isa = PBXFileReference; fileEncoding = 4; lastKnownFileType = sourcecode.c.objc; path = Reporter.m; sourceTree = "<group>"; };
		058FD82F0EB28C47000E2324 /* CoreLocation.framework */ = {isa = PBXFileReference; lastKnownFileType = wrapper.framework; name = CoreLocation.framework; path = System/Library/Frameworks/CoreLocation.framework; sourceTree = SDKROOT; };
		1D30AB110D05D00D00671497 /* Foundation.framework */ = {isa = PBXFileReference; lastKnownFileType = wrapper.framework; name = Foundation.framework; path = System/Library/Frameworks/Foundation.framework; sourceTree = SDKROOT; };
		1D3623240D0F684500981E51 /* Vote_ReportAppDelegate.h */ = {isa = PBXFileReference; fileEncoding = 4; lastKnownFileType = sourcecode.c.h; path = Vote_ReportAppDelegate.h; sourceTree = "<group>"; };
		1D3623250D0F684500981E51 /* Vote_ReportAppDelegate.m */ = {isa = PBXFileReference; fileEncoding = 4; lastKnownFileType = sourcecode.c.objc; path = Vote_ReportAppDelegate.m; sourceTree = "<group>"; };
		1D6058910D05DD3D006BFB54 /* Vote Report.app */ = {isa = PBXFileReference; explicitFileType = wrapper.application; includeInIndex = 0; path = "Vote Report.app"; sourceTree = BUILT_PRODUCTS_DIR; };
		1DF5F4DF0D08C38300B7A737 /* UIKit.framework */ = {isa = PBXFileReference; lastKnownFileType = wrapper.framework; name = UIKit.framework; path = System/Library/Frameworks/UIKit.framework; sourceTree = SDKROOT; };
		288765A40DF7441C002DB57D /* CoreGraphics.framework */ = {isa = PBXFileReference; lastKnownFileType = wrapper.framework; name = CoreGraphics.framework; path = System/Library/Frameworks/CoreGraphics.framework; sourceTree = SDKROOT; };
		2899E5210DE3E06400AC0155 /* Vote_ReportViewController.xib */ = {isa = PBXFileReference; lastKnownFileType = file.xib; path = Vote_ReportViewController.xib; sourceTree = "<group>"; };
		28AD733E0D9D9553002E5188 /* MainWindow.xib */ = {isa = PBXFileReference; lastKnownFileType = file.xib; path = MainWindow.xib; sourceTree = "<group>"; };
		28D7ACF60DDB3853001CB0EB /* Vote_ReportViewController.h */ = {isa = PBXFileReference; fileEncoding = 4; lastKnownFileType = sourcecode.c.h; path = Vote_ReportViewController.h; sourceTree = "<group>"; };
		28D7ACF70DDB3853001CB0EB /* Vote_ReportViewController.m */ = {isa = PBXFileReference; fileEncoding = 4; lastKnownFileType = sourcecode.c.objc; path = Vote_ReportViewController.m; sourceTree = "<group>"; };
		29B97316FDCFA39411CA2CEA /* main.m */ = {isa = PBXFileReference; fileEncoding = 4; lastKnownFileType = sourcecode.c.objc; path = main.m; sourceTree = "<group>"; };
		32CA4F630368D1EE00C91783 /* Vote_Report_Prefix.pch */ = {isa = PBXFileReference; fileEncoding = 4; lastKnownFileType = sourcecode.c.h; path = Vote_Report_Prefix.pch; sourceTree = "<group>"; };
		8D1107310486CEB800E47090 /* Info.plist */ = {isa = PBXFileReference; fileEncoding = 4; lastKnownFileType = text.plist.xml; path = Info.plist; sourceTree = "<group>"; };
/* End PBXFileReference section */

/* Begin PBXFrameworksBuildPhase section */
		1D60588F0D05DD3D006BFB54 /* Frameworks */ = {
			isa = PBXFrameworksBuildPhase;
			buildActionMask = 2147483647;
			files = (
				1D60589F0D05DD5A006BFB54 /* Foundation.framework in Frameworks */,
				1DF5F4E00D08C38300B7A737 /* UIKit.framework in Frameworks */,
				288765A50DF7441C002DB57D /* CoreGraphics.framework in Frameworks */,
				058FD8300EB28C47000E2324 /* CoreLocation.framework in Frameworks */,
				056296390EB6107700040599 /* AudioToolbox.framework in Frameworks */,
				0562963D0EB6108200040599 /* QuartzCore.framework in Frameworks */,
			);
			runOnlyForDeploymentPostprocessing = 0;
		};
/* End PBXFrameworksBuildPhase section */

/* Begin PBXGroup section */
		080E96DDFE201D6D7F000001 /* Classes */ = {
			isa = PBXGroup;
			children = (
				056296030EB60D1F00040599 /* CellButton.h */,
				056296040EB60D1F00040599 /* CellButton.m */,
				056296050EB60D1F00040599 /* CellPicker.h */,
				056296060EB60D1F00040599 /* CellPicker.m */,
				056296070EB60D1F00040599 /* CellSlider.h */,
				056296080EB60D1F00040599 /* CellSlider.m */,
				056296090EB60D1F00040599 /* CellTextField.h */,
				0562960A0EB60D1F00040599 /* CellTextField.m */,
				0562960B0EB60D1F00040599 /* CellTextView.h */,
				0562960C0EB60D1F00040599 /* CellTextView.m */,
				0562960D0EB60D1F00040599 /* Constants.h */,
				0562960E0EB60D1F00040599 /* DisplayCell.h */,
				0562960F0EB60D1F00040599 /* DisplayCell.m */,
				056296100EB60D1F00040599 /* DisplayCell2.h */,
				056296110EB60D1F00040599 /* DisplayCell2.m */,
				056296120EB60D1F00040599 /* EditableTableViewCell.h */,
				056296130EB60D1F00040599 /* EditableTableViewCell.m */,
				056296140EB60D1F00040599 /* SourceCell.h */,
				056296150EB60D1F00040599 /* SourceCell.m */,
				056296160EB60D1F00040599 /* Vote_ReportDetailViewController.h */,
				056296170EB60D1F00040599 /* Vote_ReportDetailViewController.m */,
				056295B90EB56C8100040599 /* AudioPlayer.h */,
				056295BA0EB56C8100040599 /* AudioPlayer.m */,
				056295BB0EB56C8100040599 /* AudioQueueObject.h */,
				056295BC0EB56C8100040599 /* AudioQueueObject.m */,
				056295BD0EB56C8100040599 /* AudioRecorder.h */,
				056295BE0EB56C8100040599 /* AudioRecorder.m */,
				058FD7DA0EB21C16000E2324 /* HTTPManager.h */,
				058FD7DB0EB21C16000E2324 /* HTTPManager.m */,
				1D3623240D0F684500981E51 /* Vote_ReportAppDelegate.h */,
				1D3623250D0F684500981E51 /* Vote_ReportAppDelegate.m */,
				28D7ACF60DDB3853001CB0EB /* Vote_ReportViewController.h */,
				28D7ACF70DDB3853001CB0EB /* Vote_ReportViewController.m */,
				058FD7EE0EB2643B000E2324 /* Reporter.h */,
				058FD7EF0EB2643B000E2324 /* Reporter.m */,
				056296BB0EB61F9500040599 /* CellAudio.h */,
				056296BC0EB61F9500040599 /* CellAudio.m */,
			);
			path = Classes;
			sourceTree = "<group>";
		};
		19C28FACFE9D520D11CA2CBB /* Products */ = {
			isa = PBXGroup;
			children = (
				1D6058910D05DD3D006BFB54 /* Vote Report.app */,
			);
			name = Products;
			sourceTree = "<group>";
		};
		29B97314FDCFA39411CA2CEA /* CustomTemplate */ = {
			isa = PBXGroup;
			children = (
				080E96DDFE201D6D7F000001 /* Classes */,
				29B97315FDCFA39411CA2CEA /* Other Sources */,
				29B97317FDCFA39411CA2CEA /* Resources */,
				29B97323FDCFA39411CA2CEA /* Frameworks */,
				19C28FACFE9D520D11CA2CBB /* Products */,
			);
			name = CustomTemplate;
			sourceTree = "<group>";
		};
		29B97315FDCFA39411CA2CEA /* Other Sources */ = {
			isa = PBXGroup;
			children = (
				32CA4F630368D1EE00C91783 /* Vote_Report_Prefix.pch */,
				29B97316FDCFA39411CA2CEA /* main.m */,
			);
			name = "Other Sources";
			sourceTree = "<group>";
		};
		29B97317FDCFA39411CA2CEA /* Resources */ = {
			isa = PBXGroup;
			children = (
				05629A510EB6AE6500040599 /* icon.png */,
				056298180EB6407800040599 /* soundbar_plate_mono.png */,
				0562979D0EB632E300040599 /* soundbar_mono.png */,
				056295440EB5565C00040599 /* greenslide.png */,
				056295450EB5565C00040599 /* redslide.png */,
				056295460EB5565C00040599 /* slider_ball.png */,
				0572E9310EB4FEEC00F73990 /* splash.png */,
				0572E9150EB4EFFE00F73990 /* whiteButton.png */,
				0572E9160EB4EFFE00F73990 /* blueButton.png */,
				0572E89C0EB4DBA400F73990 /* background.png */,
				0572E89E0EB4DBAA00F73990 /* logo_splash.png */,
				058FD7C70EB11971000E2324 /* README */,
				2899E5210DE3E06400AC0155 /* Vote_ReportViewController.xib */,
				28AD733E0D9D9553002E5188 /* MainWindow.xib */,
				8D1107310486CEB800E47090 /* Info.plist */,
				05629A680EB6AF2700040599 /* Default.png */,
			);
			name = Resources;
			sourceTree = "<group>";
		};
		29B97323FDCFA39411CA2CEA /* Frameworks */ = {
			isa = PBXGroup;
			children = (
				0562963C0EB6108200040599 /* QuartzCore.framework */,
				056296380EB6107700040599 /* AudioToolbox.framework */,
				058FD82F0EB28C47000E2324 /* CoreLocation.framework */,
				1DF5F4DF0D08C38300B7A737 /* UIKit.framework */,
				1D30AB110D05D00D00671497 /* Foundation.framework */,
				288765A40DF7441C002DB57D /* CoreGraphics.framework */,
			);
			name = Frameworks;
			sourceTree = "<group>";
		};
/* End PBXGroup section */

/* Begin PBXNativeTarget section */
		1D6058900D05DD3D006BFB54 /* Vote Report */ = {
			isa = PBXNativeTarget;
			buildConfigurationList = 1D6058960D05DD3E006BFB54 /* Build configuration list for PBXNativeTarget "Vote Report" */;
			buildPhases = (
				1D60588D0D05DD3D006BFB54 /* Resources */,
				1D60588E0D05DD3D006BFB54 /* Sources */,
				1D60588F0D05DD3D006BFB54 /* Frameworks */,
			);
			buildRules = (
			);
			dependencies = (
			);
			name = "Vote Report";
			productName = "Vote Report";
			productReference = 1D6058910D05DD3D006BFB54 /* Vote Report.app */;
			productType = "com.apple.product-type.application";
		};
/* End PBXNativeTarget section */

/* Begin PBXProject section */
		29B97313FDCFA39411CA2CEA /* Project object */ = {
			isa = PBXProject;
			buildConfigurationList = C01FCF4E08A954540054247B /* Build configuration list for PBXProject "Vote Report" */;
			compatibilityVersion = "Xcode 3.1";
			hasScannedForEncodings = 1;
			mainGroup = 29B97314FDCFA39411CA2CEA /* CustomTemplate */;
			projectDirPath = "";
			projectRoot = "";
			targets = (
				1D6058900D05DD3D006BFB54 /* Vote Report */,
			);
		};
/* End PBXProject section */

/* Begin PBXResourcesBuildPhase section */
		1D60588D0D05DD3D006BFB54 /* Resources */ = {
			isa = PBXResourcesBuildPhase;
			buildActionMask = 2147483647;
			files = (
				28AD733F0D9D9553002E5188 /* MainWindow.xib in Resources */,
				2899E5220DE3E06400AC0155 /* Vote_ReportViewController.xib in Resources */,
				0572E89D0EB4DBA400F73990 /* background.png in Resources */,
				0572E89F0EB4DBAA00F73990 /* logo_splash.png in Resources */,
				0572E9170EB4EFFE00F73990 /* whiteButton.png in Resources */,
				0572E9180EB4EFFE00F73990 /* blueButton.png in Resources */,
				0572E9320EB4FEEC00F73990 /* splash.png in Resources */,
				056295470EB5565C00040599 /* greenslide.png in Resources */,
				056295480EB5565C00040599 /* redslide.png in Resources */,
				056295490EB5565C00040599 /* slider_ball.png in Resources */,
				0562979E0EB632E300040599 /* soundbar_mono.png in Resources */,
				056298190EB6407800040599 /* soundbar_plate_mono.png in Resources */,
				05629A520EB6AE6500040599 /* icon.png in Resources */,
				05629A690EB6AF2700040599 /* Default.png in Resources */,
			);
			runOnlyForDeploymentPostprocessing = 0;
		};
/* End PBXResourcesBuildPhase section */

/* Begin PBXSourcesBuildPhase section */
		1D60588E0D05DD3D006BFB54 /* Sources */ = {
			isa = PBXSourcesBuildPhase;
			buildActionMask = 2147483647;
			files = (
				1D60589B0D05DD56006BFB54 /* main.m in Sources */,
				1D3623260D0F684500981E51 /* Vote_ReportAppDelegate.m in Sources */,
				28D7ACF80DDB3853001CB0EB /* Vote_ReportViewController.m in Sources */,
				058FD7DC0EB21C16000E2324 /* HTTPManager.m in Sources */,
				058FD7F00EB2643B000E2324 /* Reporter.m in Sources */,
				056295C10EB56C8100040599 /* AudioPlayer.m in Sources */,
				056295C20EB56C8100040599 /* AudioQueueObject.m in Sources */,
				056295C30EB56C8100040599 /* AudioRecorder.m in Sources */,
				056296180EB60D1F00040599 /* CellButton.m in Sources */,
				056296190EB60D1F00040599 /* CellPicker.m in Sources */,
				0562961A0EB60D1F00040599 /* CellSlider.m in Sources */,
				0562961B0EB60D1F00040599 /* CellTextField.m in Sources */,
				0562961C0EB60D1F00040599 /* CellTextView.m in Sources */,
				0562961D0EB60D1F00040599 /* DisplayCell.m in Sources */,
				0562961E0EB60D1F00040599 /* DisplayCell2.m in Sources */,
				0562961F0EB60D1F00040599 /* EditableTableViewCell.m in Sources */,
				056296200EB60D1F00040599 /* SourceCell.m in Sources */,
				056296210EB60D1F00040599 /* Vote_ReportDetailViewController.m in Sources */,
				056296BD0EB61F9500040599 /* CellAudio.m in Sources */,
			);
			runOnlyForDeploymentPostprocessing = 0;
		};
/* End PBXSourcesBuildPhase section */

/* Begin XCBuildConfiguration section */
		05058B470EB6D6D900D1594B /* Distribution */ = {
			isa = XCBuildConfiguration;
			buildSettings = {
				ARCHS = "$(ARCHS_STANDARD_32_BIT)";
				"CODE_SIGN_IDENTITY[sdk=iphoneos*]" = "iPhone Distribution: Popvox LLC";
				GCC_C_LANGUAGE_STANDARD = c99;
				GCC_WARN_ABOUT_RETURN_TYPE = YES;
				GCC_WARN_UNUSED_VARIABLE = YES;
				PREBINDING = NO;
				"PROVISIONING_PROFILE[sdk=iphoneos*]" = "5736CBDA-E308-4679-B9FC-88A591A74E71";
				SDKROOT = iphoneos2.2;
			};
			name = Distribution;
		};
		05058B480EB6D6D900D1594B /* Distribution */ = {
			isa = XCBuildConfiguration;
			buildSettings = {
				ALWAYS_SEARCH_USER_PATHS = NO;
				COPY_PHASE_STRIP = YES;
				GCC_PRECOMPILE_PREFIX_HEADER = YES;
				GCC_PREFIX_HEADER = Vote_Report_Prefix.pch;
				INFOPLIST_FILE = Info.plist;
				PRODUCT_NAME = "Vote Report";
			};
			name = Distribution;
		};
		1D6058940D05DD3E006BFB54 /* Debug */ = {
			isa = XCBuildConfiguration;
			buildSettings = {
				ALWAYS_SEARCH_USER_PATHS = NO;
				COPY_PHASE_STRIP = NO;
				GCC_DYNAMIC_NO_PIC = NO;
				GCC_OPTIMIZATION_LEVEL = 0;
				GCC_PRECOMPILE_PREFIX_HEADER = YES;
				GCC_PREFIX_HEADER = Vote_Report_Prefix.pch;
				INFOPLIST_FILE = Info.plist;
				PRODUCT_NAME = "Vote Report";
			};
			name = Debug;
		};
		1D6058950D05DD3E006BFB54 /* Release */ = {
			isa = XCBuildConfiguration;
			buildSettings = {
				ALWAYS_SEARCH_USER_PATHS = NO;
				COPY_PHASE_STRIP = YES;
				GCC_PRECOMPILE_PREFIX_HEADER = YES;
				GCC_PREFIX_HEADER = Vote_Report_Prefix.pch;
				INFOPLIST_FILE = Info.plist;
				PRODUCT_NAME = "Vote Report";
			};
			name = Release;
		};
		C01FCF4F08A954540054247B /* Debug */ = {
			isa = XCBuildConfiguration;
			buildSettings = {
				ARCHS = "$(ARCHS_STANDARD_32_BIT)";
				"CODE_SIGN_IDENTITY[sdk=iphoneos*]" = "iPhone Developer";
				GCC_C_LANGUAGE_STANDARD = c99;
				GCC_WARN_ABOUT_RETURN_TYPE = YES;
				GCC_WARN_UNUSED_VARIABLE = YES;
				ONLY_ACTIVE_ARCH = YES;
				PREBINDING = NO;
				SDKROOT = iphoneos2.2;
			};
			name = Debug;
		};
		C01FCF5008A954540054247B /* Release */ = {
			isa = XCBuildConfiguration;
			buildSettings = {
				ARCHS = "$(ARCHS_STANDARD_32_BIT)";
				"CODE_SIGN_IDENTITY[sdk=iphoneos*]" = "iPhone Developer";
				GCC_C_LANGUAGE_STANDARD = c99;
				GCC_WARN_ABOUT_RETURN_TYPE = YES;
				GCC_WARN_UNUSED_VARIABLE = YES;
				PREBINDING = NO;
				SDKROOT = iphoneos2.2;
			};
			name = Release;
		};
/* End XCBuildConfiguration section */

/* Begin XCConfigurationList section */
		1D6058960D05DD3E006BFB54 /* Build configuration list for PBXNativeTarget "Vote Report" */ = {
			isa = XCConfigurationList;
			buildConfigurations = (
				1D6058940D05DD3E006BFB54 /* Debug */,
				1D6058950D05DD3E006BFB54 /* Release */,
				05058B480EB6D6D900D1594B /* Distribution */,
			);
			defaultConfigurationIsVisible = 0;
			defaultConfigurationName = Release;
		};
		C01FCF4E08A954540054247B /* Build configuration list for PBXProject "Vote Report" */ = {
			isa = XCConfigurationList;
			buildConfigurations = (
				C01FCF4F08A954540054247B /* Debug */,
				C01FCF5008A954540054247B /* Release */,
				05058B470EB6D6D900D1594B /* Distribution */,
			);
			defaultConfigurationIsVisible = 0;
			defaultConfigurationName = Release;
		};
/* End XCConfigurationList section */
	};
	rootObject = 29B97313FDCFA39411CA2CEA /* Project object */;
}
