// !$*UTF8*$!
{
	archiveVersion = 1;
	classes = {
	};
	objectVersion = 45;
	objects = {

/* Begin PBXBuildFile section */
		0572E8930EB4DA5600F73990 /* icon.png in Resources */ = {isa = PBXBuildFile; fileRef = 0572E8920EB4DA5600F73990 /* icon.png */; };
		0572E89D0EB4DBA400F73990 /* background.png in Resources */ = {isa = PBXBuildFile; fileRef = 0572E89C0EB4DBA400F73990 /* background.png */; };
		0572E89F0EB4DBAA00F73990 /* logo_splash.png in Resources */ = {isa = PBXBuildFile; fileRef = 0572E89E0EB4DBAA00F73990 /* logo_splash.png */; };
		0572E9170EB4EFFE00F73990 /* whiteButton.png in Resources */ = {isa = PBXBuildFile; fileRef = 0572E9150EB4EFFE00F73990 /* whiteButton.png */; };
		0572E9180EB4EFFE00F73990 /* blueButton.png in Resources */ = {isa = PBXBuildFile; fileRef = 0572E9160EB4EFFE00F73990 /* blueButton.png */; };
		0572EA660EB50E7700F73990 /* PollingPlaceViewController.m in Sources */ = {isa = PBXBuildFile; fileRef = 0572EA650EB50E7700F73990 /* PollingPlaceViewController.m */; };
		058FD7DC0EB21C16000E2324 /* HTTPManager.m in Sources */ = {isa = PBXBuildFile; fileRef = 058FD7DB0EB21C16000E2324 /* HTTPManager.m */; };
		058FD7F00EB2643B000E2324 /* Reporter.m in Sources */ = {isa = PBXBuildFile; fileRef = 058FD7EF0EB2643B000E2324 /* Reporter.m */; };
		058FD8300EB28C47000E2324 /* CoreLocation.framework in Frameworks */ = {isa = PBXBuildFile; fileRef = 058FD82F0EB28C47000E2324 /* CoreLocation.framework */; };
		1D3623260D0F684500981E51 /* Vote_ReportAppDelegate.m in Sources */ = {isa = PBXBuildFile; fileRef = 1D3623250D0F684500981E51 /* Vote_ReportAppDelegate.m */; };
		1D60589B0D05DD56006BFB54 /* main.m in Sources */ = {isa = PBXBuildFile; fileRef = 29B97316FDCFA39411CA2CEA /* main.m */; };
		1D60589F0D05DD5A006BFB54 /* Foundation.framework in Frameworks */ = {isa = PBXBuildFile; fileRef = 1D30AB110D05D00D00671497 /* Foundation.framework */; };
		1DF5F4E00D08C38300B7A737 /* UIKit.framework in Frameworks */ = {isa = PBXBuildFile; fileRef = 1DF5F4DF0D08C38300B7A737 /* UIKit.framework */; };
		288765A50DF7441C002DB57D /* CoreGraphics.framework in Frameworks */ = {isa = PBXBuildFile; fileRef = 288765A40DF7441C002DB57D /* CoreGraphics.framework */; };
		2899E5220DE3E06400AC0155 /* Vote_ReportViewController.xib in Resources */ = {isa = PBXBuildFile; fileRef = 2899E5210DE3E06400AC0155 /* Vote_ReportViewController.xib */; };
		28AD733F0D9D9553002E5188 /* MainWindow.xib in Resources */ = {isa = PBXBuildFile; fileRef = 28AD733E0D9D9553002E5188 /* MainWindow.xib */; };
		28D7ACF80DDB3853001CB0EB /* Vote_ReportViewController.m in Sources */ = {isa = PBXBuildFile; fileRef = 28D7ACF70DDB3853001CB0EB /* Vote_ReportViewController.m */; };
		51DE48F90EB59EDE007C8A81 /* slider_ball.png in Resources */ = {isa = PBXBuildFile; fileRef = 51DE48F80EB59EDE007C8A81 /* slider_ball.png */; };
		51DE48FB0EB59EE7007C8A81 /* redslide.png in Resources */ = {isa = PBXBuildFile; fileRef = 51DE48FA0EB59EE7007C8A81 /* redslide.png */; };
		51DE48FD0EB59EF0007C8A81 /* greenslide.png in Resources */ = {isa = PBXBuildFile; fileRef = 51DE48FC0EB59EF0007C8A81 /* greenslide.png */; };
		51DE49010EB59F86007C8A81 /* CellSlider.m in Sources */ = {isa = PBXBuildFile; fileRef = 51DE48FF0EB59F86007C8A81 /* CellSlider.m */; };
		51F4EF840EB5816F00326D9C /* CellButton.m in Sources */ = {isa = PBXBuildFile; fileRef = 51F4EF7F0EB5816F00326D9C /* CellButton.m */; };
		51F4EF850EB5816F00326D9C /* CellTextField.m in Sources */ = {isa = PBXBuildFile; fileRef = 51F4EF810EB5816F00326D9C /* CellTextField.m */; };
		51F4EF860EB5816F00326D9C /* CellTextView.m in Sources */ = {isa = PBXBuildFile; fileRef = 51F4EF830EB5816F00326D9C /* CellTextView.m */; };
		51F4EF8B0EB5817D00326D9C /* DisplayCell.m in Sources */ = {isa = PBXBuildFile; fileRef = 51F4EF880EB5817D00326D9C /* DisplayCell.m */; };
		51F4EF8C0EB5817D00326D9C /* EditableTableViewCell.m in Sources */ = {isa = PBXBuildFile; fileRef = 51F4EF8A0EB5817D00326D9C /* EditableTableViewCell.m */; };
		51F4EF8F0EB5818F00326D9C /* SourceCell.m in Sources */ = {isa = PBXBuildFile; fileRef = 51F4EF8E0EB5818F00326D9C /* SourceCell.m */; };
		51F4EF920EB581A000326D9C /* Vote_ReportDetailViewController.m in Sources */ = {isa = PBXBuildFile; fileRef = 51F4EF910EB581A000326D9C /* Vote_ReportDetailViewController.m */; };
		51F4F00A0EB58CF200326D9C /* CellPicker.m in Sources */ = {isa = PBXBuildFile; fileRef = 51F4F0090EB58CF200326D9C /* CellPicker.m */; };
/* End PBXBuildFile section */

/* Begin PBXFileReference section */
		0572E8920EB4DA5600F73990 /* icon.png */ = {isa = PBXFileReference; lastKnownFileType = image.png; path = icon.png; sourceTree = "<group>"; };
		0572E89C0EB4DBA400F73990 /* background.png */ = {isa = PBXFileReference; lastKnownFileType = image.png; path = background.png; sourceTree = "<group>"; };
		0572E89E0EB4DBAA00F73990 /* logo_splash.png */ = {isa = PBXFileReference; lastKnownFileType = image.png; path = logo_splash.png; sourceTree = "<group>"; };
		0572E9150EB4EFFE00F73990 /* whiteButton.png */ = {isa = PBXFileReference; lastKnownFileType = image.png; path = whiteButton.png; sourceTree = "<group>"; };
		0572E9160EB4EFFE00F73990 /* blueButton.png */ = {isa = PBXFileReference; lastKnownFileType = image.png; path = blueButton.png; sourceTree = "<group>"; };
		0572EA640EB50E7700F73990 /* PollingPlaceViewController.h */ = {isa = PBXFileReference; fileEncoding = 4; lastKnownFileType = sourcecode.c.h; path = PollingPlaceViewController.h; sourceTree = "<group>"; };
		0572EA650EB50E7700F73990 /* PollingPlaceViewController.m */ = {isa = PBXFileReference; fileEncoding = 4; lastKnownFileType = sourcecode.c.objc; path = PollingPlaceViewController.m; sourceTree = "<group>"; };
		058FD7C70EB11971000E2324 /* README */ = {isa = PBXFileReference; fileEncoding = 4; lastKnownFileType = text; path = README; sourceTree = "<group>"; };
		058FD7DA0EB21C16000E2324 /* HTTPManager.h */ = {isa = PBXFileReference; fileEncoding = 4; lastKnownFileType = sourcecode.c.h; path = HTTPManager.h; sourceTree = "<group>"; };
		058FD7DB0EB21C16000E2324 /* HTTPManager.m */ = {isa = PBXFileReference; fileEncoding = 4; lastKnownFileType = sourcecode.c.objc; path = HTTPManager.m; sourceTree = "<group>"; };
		058FD7EE0EB2643B000E2324 /* Reporter.h */ = {isa = PBXFileReference; fileEncoding = 4; lastKnownFileType = sourcecode.c.h; path = Reporter.h; sourceTree = "<group>"; };
		058FD7EF0EB2643B000E2324 /* Reporter.m */ = {isa = PBXFileReference; fileEncoding = 4; lastKnownFileType = sourcecode.c.objc; path = Reporter.m; sourceTree = "<group>"; };
		058FD82F0EB28C47000E2324 /* CoreLocation.framework */ = {isa = PBXFileReference; lastKnownFileType = wrapper.framework; name = CoreLocation.framework; path = System/Library/Frameworks/CoreLocation.framework; sourceTree = SDKROOT; };
		1D30AB110D05D00D00671497 /* Foundation.framework */ = {isa = PBXFileReference; lastKnownFileType = wrapper.framework; name = Foundation.framework; path = System/Library/Frameworks/Foundation.framework; sourceTree = SDKROOT; };
		1D3623240D0F684500981E51 /* Vote_ReportAppDelegate.h */ = {isa = PBXFileReference; fileEncoding = 4; lastKnownFileType = sourcecode.c.h; path = Vote_ReportAppDelegate.h; sourceTree = "<group>"; };
		1D3623250D0F684500981E51 /* Vote_ReportAppDelegate.m */ = {isa = PBXFileReference; fileEncoding = 4; lastKnownFileType = sourcecode.c.objc; path = Vote_ReportAppDelegate.m; sourceTree = "<group>"; };
		1D6058910D05DD3D006BFB54 /* Vote Report.app */ = {isa = PBXFileReference; explicitFileType = wrapper.application; includeInIndex = 0; path = "Vote Report.app"; sourceTree = BUILT_PRODUCTS_DIR; };
		1DF5F4DF0D08C38300B7A737 /* UIKit.framework */ = {isa = PBXFileReference; lastKnownFileType = wrapper.framework; name = UIKit.framework; path = System/Library/Frameworks/UIKit.framework; sourceTree = SDKROOT; };
		288765A40DF7441C002DB57D /* CoreGraphics.framework */ = {isa = PBXFileReference; lastKnownFileType = wrapper.framework; name = CoreGraphics.framework; path = System/Library/Frameworks/CoreGraphics.framework; sourceTree = SDKROOT; };
		2899E5210DE3E06400AC0155 /* Vote_ReportViewController.xib */ = {isa = PBXFileReference; lastKnownFileType = file.xib; path = Vote_ReportViewController.xib; sourceTree = "<group>"; };
		28AD733E0D9D9553002E5188 /* MainWindow.xib */ = {isa = PBXFileReference; lastKnownFileType = file.xib; path = MainWindow.xib; sourceTree = "<group>"; };
		28D7ACF60DDB3853001CB0EB /* Vote_ReportViewController.h */ = {isa = PBXFileReference; fileEncoding = 4; lastKnownFileType = sourcecode.c.h; path = Vote_ReportViewController.h; sourceTree = "<group>"; };
		28D7ACF70DDB3853001CB0EB /* Vote_ReportViewController.m */ = {isa = PBXFileReference; fileEncoding = 4; lastKnownFileType = sourcecode.c.objc; path = Vote_ReportViewController.m; sourceTree = "<group>"; };
		29B97316FDCFA39411CA2CEA /* main.m */ = {isa = PBXFileReference; fileEncoding = 4; lastKnownFileType = sourcecode.c.objc; path = main.m; sourceTree = "<group>"; };
		32CA4F630368D1EE00C91783 /* Vote_Report_Prefix.pch */ = {isa = PBXFileReference; fileEncoding = 4; lastKnownFileType = sourcecode.c.h; path = Vote_Report_Prefix.pch; sourceTree = "<group>"; };
		515639D70EB56333008654D0 /* Constants.h */ = {isa = PBXFileReference; fileEncoding = 4; lastKnownFileType = sourcecode.c.h; path = Constants.h; sourceTree = "<group>"; };
		51DE48F80EB59EDE007C8A81 /* slider_ball.png */ = {isa = PBXFileReference; lastKnownFileType = image.png; path = slider_ball.png; sourceTree = "<group>"; };
		51DE48FA0EB59EE7007C8A81 /* redslide.png */ = {isa = PBXFileReference; lastKnownFileType = image.png; path = redslide.png; sourceTree = "<group>"; };
		51DE48FC0EB59EF0007C8A81 /* greenslide.png */ = {isa = PBXFileReference; lastKnownFileType = image.png; path = greenslide.png; sourceTree = "<group>"; };
		51DE48FF0EB59F86007C8A81 /* CellSlider.m */ = {isa = PBXFileReference; fileEncoding = 4; lastKnownFileType = sourcecode.c.objc; name = CellSlider.m; path = Classes/CellSlider.m; sourceTree = "<group>"; };
		51DE49000EB59F86007C8A81 /* CellSlider.h */ = {isa = PBXFileReference; fileEncoding = 4; lastKnownFileType = sourcecode.c.h; name = CellSlider.h; path = Classes/CellSlider.h; sourceTree = "<group>"; };
		51F4EF7E0EB5816F00326D9C /* CellButton.h */ = {isa = PBXFileReference; fileEncoding = 4; lastKnownFileType = sourcecode.c.h; name = CellButton.h; path = Classes/CellButton.h; sourceTree = "<group>"; };
		51F4EF7F0EB5816F00326D9C /* CellButton.m */ = {isa = PBXFileReference; fileEncoding = 4; lastKnownFileType = sourcecode.c.objc; name = CellButton.m; path = Classes/CellButton.m; sourceTree = "<group>"; };
		51F4EF800EB5816F00326D9C /* CellTextField.h */ = {isa = PBXFileReference; fileEncoding = 4; lastKnownFileType = sourcecode.c.h; name = CellTextField.h; path = Classes/CellTextField.h; sourceTree = "<group>"; };
		51F4EF810EB5816F00326D9C /* CellTextField.m */ = {isa = PBXFileReference; fileEncoding = 4; lastKnownFileType = sourcecode.c.objc; name = CellTextField.m; path = Classes/CellTextField.m; sourceTree = "<group>"; };
		51F4EF820EB5816F00326D9C /* CellTextView.h */ = {isa = PBXFileReference; fileEncoding = 4; lastKnownFileType = sourcecode.c.h; name = CellTextView.h; path = Classes/CellTextView.h; sourceTree = "<group>"; };
		51F4EF830EB5816F00326D9C /* CellTextView.m */ = {isa = PBXFileReference; fileEncoding = 4; lastKnownFileType = sourcecode.c.objc; name = CellTextView.m; path = Classes/CellTextView.m; sourceTree = "<group>"; };
		51F4EF870EB5817D00326D9C /* DisplayCell.h */ = {isa = PBXFileReference; fileEncoding = 4; lastKnownFileType = sourcecode.c.h; name = DisplayCell.h; path = Classes/DisplayCell.h; sourceTree = "<group>"; };
		51F4EF880EB5817D00326D9C /* DisplayCell.m */ = {isa = PBXFileReference; fileEncoding = 4; lastKnownFileType = sourcecode.c.objc; name = DisplayCell.m; path = Classes/DisplayCell.m; sourceTree = "<group>"; };
		51F4EF890EB5817D00326D9C /* EditableTableViewCell.h */ = {isa = PBXFileReference; fileEncoding = 4; lastKnownFileType = sourcecode.c.h; name = EditableTableViewCell.h; path = Classes/EditableTableViewCell.h; sourceTree = "<group>"; };
		51F4EF8A0EB5817D00326D9C /* EditableTableViewCell.m */ = {isa = PBXFileReference; fileEncoding = 4; lastKnownFileType = sourcecode.c.objc; name = EditableTableViewCell.m; path = Classes/EditableTableViewCell.m; sourceTree = "<group>"; };
		51F4EF8D0EB5818F00326D9C /* SourceCell.h */ = {isa = PBXFileReference; fileEncoding = 4; lastKnownFileType = sourcecode.c.h; name = SourceCell.h; path = Classes/SourceCell.h; sourceTree = "<group>"; };
		51F4EF8E0EB5818F00326D9C /* SourceCell.m */ = {isa = PBXFileReference; fileEncoding = 4; lastKnownFileType = sourcecode.c.objc; name = SourceCell.m; path = Classes/SourceCell.m; sourceTree = "<group>"; };
		51F4EF900EB581A000326D9C /* Vote_ReportDetailViewController.h */ = {isa = PBXFileReference; fileEncoding = 4; lastKnownFileType = sourcecode.c.h; path = Vote_ReportDetailViewController.h; sourceTree = "<group>"; };
		51F4EF910EB581A000326D9C /* Vote_ReportDetailViewController.m */ = {isa = PBXFileReference; fileEncoding = 4; lastKnownFileType = sourcecode.c.objc; path = Vote_ReportDetailViewController.m; sourceTree = "<group>"; };
		51F4F0080EB58CF200326D9C /* CellPicker.h */ = {isa = PBXFileReference; fileEncoding = 4; lastKnownFileType = sourcecode.c.h; name = CellPicker.h; path = Classes/CellPicker.h; sourceTree = "<group>"; };
		51F4F0090EB58CF200326D9C /* CellPicker.m */ = {isa = PBXFileReference; fileEncoding = 4; lastKnownFileType = sourcecode.c.objc; name = CellPicker.m; path = Classes/CellPicker.m; sourceTree = "<group>"; };
		8D1107310486CEB800E47090 /* Info.plist */ = {isa = PBXFileReference; fileEncoding = 4; lastKnownFileType = text.plist.xml; path = Info.plist; sourceTree = "<group>"; };
/* End PBXFileReference section */

/* Begin PBXFrameworksBuildPhase section */
		1D60588F0D05DD3D006BFB54 /* Frameworks */ = {
			isa = PBXFrameworksBuildPhase;
			buildActionMask = 2147483647;
			files = (
				1D60589F0D05DD5A006BFB54 /* Foundation.framework in Frameworks */,
				1DF5F4E00D08C38300B7A737 /* UIKit.framework in Frameworks */,
				288765A50DF7441C002DB57D /* CoreGraphics.framework in Frameworks */,
				058FD8300EB28C47000E2324 /* CoreLocation.framework in Frameworks */,
			);
			runOnlyForDeploymentPostprocessing = 0;
		};
/* End PBXFrameworksBuildPhase section */

/* Begin PBXGroup section */
		080E96DDFE201D6D7F000001 /* Classes */ = {
			isa = PBXGroup;
			children = (
				51F4EF900EB581A000326D9C /* Vote_ReportDetailViewController.h */,
				51F4EF910EB581A000326D9C /* Vote_ReportDetailViewController.m */,
				058FD7DA0EB21C16000E2324 /* HTTPManager.h */,
				058FD7DB0EB21C16000E2324 /* HTTPManager.m */,
				1D3623240D0F684500981E51 /* Vote_ReportAppDelegate.h */,
				1D3623250D0F684500981E51 /* Vote_ReportAppDelegate.m */,
				28D7ACF60DDB3853001CB0EB /* Vote_ReportViewController.h */,
				28D7ACF70DDB3853001CB0EB /* Vote_ReportViewController.m */,
				058FD7EE0EB2643B000E2324 /* Reporter.h */,
				058FD7EF0EB2643B000E2324 /* Reporter.m */,
				0572EA640EB50E7700F73990 /* PollingPlaceViewController.h */,
				0572EA650EB50E7700F73990 /* PollingPlaceViewController.m */,
				515639D70EB56333008654D0 /* Constants.h */,
			);
			path = Classes;
			sourceTree = "<group>";
		};
		19C28FACFE9D520D11CA2CBB /* Products */ = {
			isa = PBXGroup;
			children = (
				1D6058910D05DD3D006BFB54 /* Vote Report.app */,
			);
			name = Products;
			sourceTree = "<group>";
		};
		29B97314FDCFA39411CA2CEA /* CustomTemplate */ = {
			isa = PBXGroup;
			children = (
				515639C60EB56305008654D0 /* TableCells */,
				080E96DDFE201D6D7F000001 /* Classes */,
				29B97315FDCFA39411CA2CEA /* Other Sources */,
				29B97317FDCFA39411CA2CEA /* Resources */,
				29B97323FDCFA39411CA2CEA /* Frameworks */,
				19C28FACFE9D520D11CA2CBB /* Products */,
			);
			name = CustomTemplate;
			sourceTree = "<group>";
		};
		29B97315FDCFA39411CA2CEA /* Other Sources */ = {
			isa = PBXGroup;
			children = (
				32CA4F630368D1EE00C91783 /* Vote_Report_Prefix.pch */,
				29B97316FDCFA39411CA2CEA /* main.m */,
			);
			name = "Other Sources";
			sourceTree = "<group>";
		};
		29B97317FDCFA39411CA2CEA /* Resources */ = {
			isa = PBXGroup;
			children = (
				51DE48FC0EB59EF0007C8A81 /* greenslide.png */,
				51DE48FA0EB59EE7007C8A81 /* redslide.png */,
				51DE48F80EB59EDE007C8A81 /* slider_ball.png */,
				0572E9150EB4EFFE00F73990 /* whiteButton.png */,
				0572E9160EB4EFFE00F73990 /* blueButton.png */,
				0572E89C0EB4DBA400F73990 /* background.png */,
				0572E89E0EB4DBAA00F73990 /* logo_splash.png */,
				0572E8920EB4DA5600F73990 /* icon.png */,
				058FD7C70EB11971000E2324 /* README */,
				2899E5210DE3E06400AC0155 /* Vote_ReportViewController.xib */,
				28AD733E0D9D9553002E5188 /* MainWindow.xib */,
				8D1107310486CEB800E47090 /* Info.plist */,
			);
			name = Resources;
			sourceTree = "<group>";
		};
		29B97323FDCFA39411CA2CEA /* Frameworks */ = {
			isa = PBXGroup;
			children = (
				058FD82F0EB28C47000E2324 /* CoreLocation.framework */,
				1DF5F4DF0D08C38300B7A737 /* UIKit.framework */,
				1D30AB110D05D00D00671497 /* Foundation.framework */,
				288765A40DF7441C002DB57D /* CoreGraphics.framework */,
			);
			name = Frameworks;
			sourceTree = "<group>";
		};
		515639C60EB56305008654D0 /* TableCells */ = {
			isa = PBXGroup;
			children = (
				51DE48FF0EB59F86007C8A81 /* CellSlider.m */,
				51DE49000EB59F86007C8A81 /* CellSlider.h */,
				51F4F0080EB58CF200326D9C /* CellPicker.h */,
				51F4F0090EB58CF200326D9C /* CellPicker.m */,
				51F4EF8D0EB5818F00326D9C /* SourceCell.h */,
				51F4EF8E0EB5818F00326D9C /* SourceCell.m */,
				51F4EF870EB5817D00326D9C /* DisplayCell.h */,
				51F4EF880EB5817D00326D9C /* DisplayCell.m */,
				51F4EF890EB5817D00326D9C /* EditableTableViewCell.h */,
				51F4EF8A0EB5817D00326D9C /* EditableTableViewCell.m */,
				51F4EF7E0EB5816F00326D9C /* CellButton.h */,
				51F4EF7F0EB5816F00326D9C /* CellButton.m */,
				51F4EF800EB5816F00326D9C /* CellTextField.h */,
				51F4EF810EB5816F00326D9C /* CellTextField.m */,
				51F4EF820EB5816F00326D9C /* CellTextView.h */,
				51F4EF830EB5816F00326D9C /* CellTextView.m */,
			);
			name = TableCells;
			sourceTree = "<group>";
		};
/* End PBXGroup section */

/* Begin PBXNativeTarget section */
		1D6058900D05DD3D006BFB54 /* Vote Report */ = {
			isa = PBXNativeTarget;
			buildConfigurationList = 1D6058960D05DD3E006BFB54 /* Build configuration list for PBXNativeTarget "Vote Report" */;
			buildPhases = (
				1D60588D0D05DD3D006BFB54 /* Resources */,
				1D60588E0D05DD3D006BFB54 /* Sources */,
				1D60588F0D05DD3D006BFB54 /* Frameworks */,
			);
			buildRules = (
			);
			dependencies = (
			);
			name = "Vote Report";
			productName = "Vote Report";
			productReference = 1D6058910D05DD3D006BFB54 /* Vote Report.app */;
			productType = "com.apple.product-type.application";
		};
/* End PBXNativeTarget section */

/* Begin PBXProject section */
		29B97313FDCFA39411CA2CEA /* Project object */ = {
			isa = PBXProject;
			buildConfigurationList = C01FCF4E08A954540054247B /* Build configuration list for PBXProject "Vote Report" */;
			compatibilityVersion = "Xcode 3.1";
			hasScannedForEncodings = 1;
			mainGroup = 29B97314FDCFA39411CA2CEA /* CustomTemplate */;
			projectDirPath = "";
			projectRoot = "";
			targets = (
				1D6058900D05DD3D006BFB54 /* Vote Report */,
			);
		};
/* End PBXProject section */

/* Begin PBXResourcesBuildPhase section */
		1D60588D0D05DD3D006BFB54 /* Resources */ = {
			isa = PBXResourcesBuildPhase;
			buildActionMask = 2147483647;
			files = (
				28AD733F0D9D9553002E5188 /* MainWindow.xib in Resources */,
				2899E5220DE3E06400AC0155 /* Vote_ReportViewController.xib in Resources */,
				0572E8930EB4DA5600F73990 /* icon.png in Resources */,
				0572E89D0EB4DBA400F73990 /* background.png in Resources */,
				0572E89F0EB4DBAA00F73990 /* logo_splash.png in Resources */,
				0572E9170EB4EFFE00F73990 /* whiteButton.png in Resources */,
				0572E9180EB4EFFE00F73990 /* blueButton.png in Resources */,
				51DE48F90EB59EDE007C8A81 /* slider_ball.png in Resources */,
				51DE48FB0EB59EE7007C8A81 /* redslide.png in Resources */,
				51DE48FD0EB59EF0007C8A81 /* greenslide.png in Resources */,
			);
			runOnlyForDeploymentPostprocessing = 0;
		};
/* End PBXResourcesBuildPhase section */

/* Begin PBXSourcesBuildPhase section */
		1D60588E0D05DD3D006BFB54 /* Sources */ = {
			isa = PBXSourcesBuildPhase;
			buildActionMask = 2147483647;
			files = (
				1D60589B0D05DD56006BFB54 /* main.m in Sources */,
				1D3623260D0F684500981E51 /* Vote_ReportAppDelegate.m in Sources */,
				28D7ACF80DDB3853001CB0EB /* Vote_ReportViewController.m in Sources */,
				058FD7DC0EB21C16000E2324 /* HTTPManager.m in Sources */,
				058FD7F00EB2643B000E2324 /* Reporter.m in Sources */,
				0572EA660EB50E7700F73990 /* PollingPlaceViewController.m in Sources */,
				51F4EF840EB5816F00326D9C /* CellButton.m in Sources */,
				51F4EF850EB5816F00326D9C /* CellTextField.m in Sources */,
				51F4EF860EB5816F00326D9C /* CellTextView.m in Sources */,
				51F4EF8B0EB5817D00326D9C /* DisplayCell.m in Sources */,
				51F4EF8C0EB5817D00326D9C /* EditableTableViewCell.m in Sources */,
				51F4EF8F0EB5818F00326D9C /* SourceCell.m in Sources */,
				51F4EF920EB581A000326D9C /* Vote_ReportDetailViewController.m in Sources */,
				51F4F00A0EB58CF200326D9C /* CellPicker.m in Sources */,
				51DE49010EB59F86007C8A81 /* CellSlider.m in Sources */,
			);
			runOnlyForDeploymentPostprocessing = 0;
		};
/* End PBXSourcesBuildPhase section */

/* Begin XCBuildConfiguration section */
		1D6058940D05DD3E006BFB54 /* Debug */ = {
			isa = XCBuildConfiguration;
			buildSettings = {
				ALWAYS_SEARCH_USER_PATHS = NO;
				COPY_PHASE_STRIP = NO;
				GCC_DYNAMIC_NO_PIC = NO;
				GCC_OPTIMIZATION_LEVEL = 0;
				GCC_PRECOMPILE_PREFIX_HEADER = YES;
				GCC_PREFIX_HEADER = Vote_Report_Prefix.pch;
				INFOPLIST_FILE = Info.plist;
				PRODUCT_NAME = "Vote Report";
			};
			name = Debug;
		};
		1D6058950D05DD3E006BFB54 /* Release */ = {
			isa = XCBuildConfiguration;
			buildSettings = {
				ALWAYS_SEARCH_USER_PATHS = NO;
				COPY_PHASE_STRIP = YES;
				GCC_PRECOMPILE_PREFIX_HEADER = YES;
				GCC_PREFIX_HEADER = Vote_Report_Prefix.pch;
				INFOPLIST_FILE = Info.plist;
				PRODUCT_NAME = "Vote Report";
			};
			name = Release;
		};
		C01FCF4F08A954540054247B /* Debug */ = {
			isa = XCBuildConfiguration;
			buildSettings = {
				ARCHS = "$(ARCHS_STANDARD_32_BIT)";
				"CODE_SIGN_IDENTITY[sdk=iphoneos*]" = "iPhone Developer";
				GCC_C_LANGUAGE_STANDARD = c99;
				GCC_WARN_ABOUT_RETURN_TYPE = YES;
				GCC_WARN_UNUSED_VARIABLE = YES;
				ONLY_ACTIVE_ARCH = YES;
				PREBINDING = NO;
				SDKROOT = iphonesimulator2.1;
			};
			name = Debug;
		};
		C01FCF5008A954540054247B /* Release */ = {
			isa = XCBuildConfiguration;
			buildSettings = {
				ARCHS = "$(ARCHS_STANDARD_32_BIT)";
				"CODE_SIGN_IDENTITY[sdk=iphoneos*]" = "iPhone Developer";
				GCC_C_LANGUAGE_STANDARD = c99;
				GCC_WARN_ABOUT_RETURN_TYPE = YES;
				GCC_WARN_UNUSED_VARIABLE = YES;
				PREBINDING = NO;
				SDKROOT = iphoneos2.2;
			};
			name = Release;
		};
/* End XCBuildConfiguration section */

/* Begin XCConfigurationList section */
		1D6058960D05DD3E006BFB54 /* Build configuration list for PBXNativeTarget "Vote Report" */ = {
			isa = XCConfigurationList;
			buildConfigurations = (
				1D6058940D05DD3E006BFB54 /* Debug */,
				1D6058950D05DD3E006BFB54 /* Release */,
			);
			defaultConfigurationIsVisible = 0;
			defaultConfigurationName = Release;
		};
		C01FCF4E08A954540054247B /* Build configuration list for PBXProject "Vote Report" */ = {
			isa = XCConfigurationList;
			buildConfigurations = (
				C01FCF4F08A954540054247B /* Debug */,
				C01FCF5008A954540054247B /* Release */,
			);
			defaultConfigurationIsVisible = 0;
			defaultConfigurationName = Release;
		};
/* End XCConfigurationList section */
	};
	rootObject = 29B97313FDCFA39411CA2CEA /* Project object */;
}
